
Microsoft Visual Studio Solution File, Format Version 12.00
# Visual Studio Version 16
VisualStudioVersion = 16.0.29215.179
MinimumVisualStudioVersion = 10.0.40219.1
Project("{FAE04EC0-301F-11D3-BF4B-00C04F79EFBC}") = "Api.MongoDb", "Api.MongoDb.csproj", "{CE560375-5B8A-4162-9A44-2F267E0602B2}"
EndProject
Global
	GlobalSection(SolutionConfigurationPlatforms) = preSolution
		Debug|Any CPU = Debug|Any CPU
		Release|Any CPU = Release|Any CPU
	EndGlobalSection
	GlobalSection(ProjectConfigurationPlatforms) = postSolution
		{CE560375-5B8A-4162-9A44-2F267E0602B2}.Debug|Any CPU.ActiveCfg = Debug|Any CPU
		{CE560375-5B8A-4162-9A44-2F267E0602B2}.Debug|Any CPU.Build.0 = Debug|Any CPU
		{CE560375-5B8A-4162-9A44-2F267E0602B2}.Release|Any CPU.ActiveCfg = Release|Any CPU
		{CE560375-5B8A-4162-9A44-2F267E0602B2}.Release|Any CPU.Build.0 = Release|Any CPU
	EndGlobalSection
	GlobalSection(SolutionProperties) = preSolution
		HideSolutionNode = FALSE
	EndGlobalSection
	GlobalSection(ExtensibilityGlobals) = postSolution
		SolutionGuid = {FCDA730B-BB9D-4641-96A7-B2A91E2D3C69}
	EndGlobalSection
EndGlobal
